
Microsoft Visual Studio Solution File, Format Version 12.00
# Visual Studio Version 16
VisualStudioVersion = 16.0.35130.168
MinimumVisualStudioVersion = 10.0.40219.1
Project("{FAE04EC0-301F-11D3-BF4B-00C04F79EFBC}") = "ZeepScript", "ZeepScript.csproj", "{FE85650D-C8B9-4046-99D1-1507227EC172}"
EndProject
Global
	GlobalSection(SolutionConfigurationPlatforms) = preSolution
		Debug|Any CPU = Debug|Any CPU
		Release|Any CPU = Release|Any CPU
	EndGlobalSection
	GlobalSection(ProjectConfigurationPlatforms) = postSolution
		{FE85650D-C8B9-4046-99D1-1507227EC172}.Debug|Any CPU.ActiveCfg = Debug|Any CPU
		{FE85650D-C8B9-4046-99D1-1507227EC172}.Debug|Any CPU.Build.0 = Debug|Any CPU
		{FE85650D-C8B9-4046-99D1-1507227EC172}.Release|Any CPU.ActiveCfg = Release|Any CPU
		{FE85650D-C8B9-4046-99D1-1507227EC172}.Release|Any CPU.Build.0 = Release|Any CPU
	EndGlobalSection
	GlobalSection(SolutionProperties) = preSolution
		HideSolutionNode = FALSE
	EndGlobalSection
	GlobalSection(ExtensibilityGlobals) = postSolution
		SolutionGuid = {70337BC0-599C-4170-BD56-9ABDFF65CABB}
	EndGlobalSection
EndGlobal
